// !$*UTF8*$!
{
	archiveVersion = 1;
	classes = {
	};
	objectVersion = 56;
	objects = {

/* Begin PBXBuildFile section */
		423861EB2BA730D200CB5044 /* Launch Screen.storyboard in Resources */ = {isa = PBXBuildFile; fileRef = 423861EA2BA730D200CB5044 /* Launch Screen.storyboard */; };
		423861ED2BA7321F00CB5044 /* LaunchScreen.swift in Sources */ = {isa = PBXBuildFile; fileRef = 423861EC2BA7321F00CB5044 /* LaunchScreen.swift */; };
		424FF8AE2AA8C9AE00BAF1E0 /* Tic_Tac_ToeApp.swift in Sources */ = {isa = PBXBuildFile; fileRef = 424FF8AD2AA8C9AE00BAF1E0 /* Tic_Tac_ToeApp.swift */; };
		424FF8B02AA8C9AE00BAF1E0 /* Persistence.swift in Sources */ = {isa = PBXBuildFile; fileRef = 424FF8AF2AA8C9AE00BAF1E0 /* Persistence.swift */; };
		424FF8B32AA8C9AE00BAF1E0 /* Tic_Tac_Toe.xcdatamodeld in Sources */ = {isa = PBXBuildFile; fileRef = 424FF8B12AA8C9AE00BAF1E0 /* Tic_Tac_Toe.xcdatamodeld */; };
		424FF8B52AA8C9AE00BAF1E0 /* ContentView.swift in Sources */ = {isa = PBXBuildFile; fileRef = 424FF8B42AA8C9AE00BAF1E0 /* ContentView.swift */; };
		424FF8B72AA8C9AF00BAF1E0 /* Assets.xcassets in Resources */ = {isa = PBXBuildFile; fileRef = 424FF8B62AA8C9AF00BAF1E0 /* Assets.xcassets */; };
		424FF8BB2AA8C9AF00BAF1E0 /* Preview Assets.xcassets in Resources */ = {isa = PBXBuildFile; fileRef = 424FF8BA2AA8C9AF00BAF1E0 /* Preview Assets.xcassets */; };
		424FF8C52AA8C9AF00BAF1E0 /* Tic_Tac_ToeTests.swift in Sources */ = {isa = PBXBuildFile; fileRef = 424FF8C42AA8C9AF00BAF1E0 /* Tic_Tac_ToeTests.swift */; };
		424FF8CF2AA8C9AF00BAF1E0 /* Tic_Tac_ToeUITests.swift in Sources */ = {isa = PBXBuildFile; fileRef = 424FF8CE2AA8C9AF00BAF1E0 /* Tic_Tac_ToeUITests.swift */; };
		424FF8D12AA8C9AF00BAF1E0 /* Tic_Tac_ToeUITestsLaunchTests.swift in Sources */ = {isa = PBXBuildFile; fileRef = 424FF8D02AA8C9AF00BAF1E0 /* Tic_Tac_ToeUITestsLaunchTests.swift */; };
		424FF8DE2AA8CA0100BAF1E0 /* Tic_Tac_Toe.swift in Sources */ = {isa = PBXBuildFile; fileRef = 424FF8DD2AA8CA0100BAF1E0 /* Tic_Tac_Toe.swift */; };
		424FF8E02AAB6B4500BAF1E0 /* Alerts.swift in Sources */ = {isa = PBXBuildFile; fileRef = 424FF8DF2AAB6B4500BAF1E0 /* Alerts.swift */; };
		424FF8E22AAC96A000BAF1E0 /* Tic Tac Toe View Model.swift in Sources */ = {isa = PBXBuildFile; fileRef = 424FF8E12AAC96A000BAF1E0 /* Tic Tac Toe View Model.swift */; };
		4253F3622BA5E68100242DFC /* AIPlayerTests.swift in Sources */ = {isa = PBXBuildFile; fileRef = 4253F3612BA5E68100242DFC /* AIPlayerTests.swift */; };
		4253F3642BA5F5EC00242DFC /* MoveExtensionsTests.swift in Sources */ = {isa = PBXBuildFile; fileRef = 4253F3632BA5F5EC00242DFC /* MoveExtensionsTests.swift */; };
		42D43A3C2B942A3E00111F7F /* TicTacToeView.swift in Sources */ = {isa = PBXBuildFile; fileRef = 42D43A3B2B942A3E00111F7F /* TicTacToeView.swift */; };
		42D43A3E2B942A9A00111F7F /* Animation.swift in Sources */ = {isa = PBXBuildFile; fileRef = 42D43A3D2B942A9A00111F7F /* Animation.swift */; };
		42D43A402B947DC800111F7F /* TicTacToeModel.swift in Sources */ = {isa = PBXBuildFile; fileRef = 42D43A3F2B947DC800111F7F /* TicTacToeModel.swift */; };
		42D43A422B9757F300111F7F /* MoveChecker.swift in Sources */ = {isa = PBXBuildFile; fileRef = 42D43A412B9757F300111F7F /* MoveChecker.swift */; };
		42D43A442B97581000111F7F /* AIPlayer.swift in Sources */ = {isa = PBXBuildFile; fileRef = 42D43A432B97581000111F7F /* AIPlayer.swift */; };
/* End PBXBuildFile section */

/* Begin PBXContainerItemProxy section */
		424FF8C12AA8C9AF00BAF1E0 /* PBXContainerItemProxy */ = {
			isa = PBXContainerItemProxy;
			containerPortal = 424FF8A22AA8C9AE00BAF1E0 /* Project object */;
			proxyType = 1;
			remoteGlobalIDString = 424FF8A92AA8C9AE00BAF1E0;
			remoteInfo = "Tic Tac Toe";
		};
		424FF8CB2AA8C9AF00BAF1E0 /* PBXContainerItemProxy */ = {
			isa = PBXContainerItemProxy;
			containerPortal = 424FF8A22AA8C9AE00BAF1E0 /* Project object */;
			proxyType = 1;
			remoteGlobalIDString = 424FF8A92AA8C9AE00BAF1E0;
			remoteInfo = "Tic Tac Toe";
		};
/* End PBXContainerItemProxy section */

/* Begin PBXFileReference section */
		423861EA2BA730D200CB5044 /* Launch Screen.storyboard */ = {isa = PBXFileReference; lastKnownFileType = file.storyboard; path = "Launch Screen.storyboard"; sourceTree = "<group>"; };
		423861EC2BA7321F00CB5044 /* LaunchScreen.swift */ = {isa = PBXFileReference; lastKnownFileType = sourcecode.swift; path = LaunchScreen.swift; sourceTree = "<group>"; };
		424FF8AA2AA8C9AE00BAF1E0 /* TicTacToe.app */ = {isa = PBXFileReference; explicitFileType = wrapper.application; includeInIndex = 0; path = TicTacToe.app; sourceTree = BUILT_PRODUCTS_DIR; };
		424FF8AD2AA8C9AE00BAF1E0 /* Tic_Tac_ToeApp.swift */ = {isa = PBXFileReference; lastKnownFileType = sourcecode.swift; path = Tic_Tac_ToeApp.swift; sourceTree = "<group>"; };
		424FF8AF2AA8C9AE00BAF1E0 /* Persistence.swift */ = {isa = PBXFileReference; lastKnownFileType = sourcecode.swift; path = Persistence.swift; sourceTree = "<group>"; };
		424FF8B22AA8C9AE00BAF1E0 /* Tic_Tac_Toe.xcdatamodel */ = {isa = PBXFileReference; lastKnownFileType = wrapper.xcdatamodel; path = Tic_Tac_Toe.xcdatamodel; sourceTree = "<group>"; };
		424FF8B42AA8C9AE00BAF1E0 /* ContentView.swift */ = {isa = PBXFileReference; lastKnownFileType = sourcecode.swift; path = ContentView.swift; sourceTree = "<group>"; };
		424FF8B62AA8C9AF00BAF1E0 /* Assets.xcassets */ = {isa = PBXFileReference; lastKnownFileType = folder.assetcatalog; path = Assets.xcassets; sourceTree = "<group>"; };
		424FF8B82AA8C9AF00BAF1E0 /* Tic_Tac_Toe.entitlements */ = {isa = PBXFileReference; lastKnownFileType = text.plist.entitlements; path = Tic_Tac_Toe.entitlements; sourceTree = "<group>"; };
		424FF8BA2AA8C9AF00BAF1E0 /* Preview Assets.xcassets */ = {isa = PBXFileReference; lastKnownFileType = folder.assetcatalog; path = "Preview Assets.xcassets"; sourceTree = "<group>"; };
		424FF8C02AA8C9AF00BAF1E0 /* TicTacToeTests.xctest */ = {isa = PBXFileReference; explicitFileType = wrapper.cfbundle; includeInIndex = 0; path = TicTacToeTests.xctest; sourceTree = BUILT_PRODUCTS_DIR; };
		424FF8C42AA8C9AF00BAF1E0 /* Tic_Tac_ToeTests.swift */ = {isa = PBXFileReference; lastKnownFileType = sourcecode.swift; path = Tic_Tac_ToeTests.swift; sourceTree = "<group>"; };
		424FF8CA2AA8C9AF00BAF1E0 /* TicTacToeUITests.xctest */ = {isa = PBXFileReference; explicitFileType = wrapper.cfbundle; includeInIndex = 0; path = TicTacToeUITests.xctest; sourceTree = BUILT_PRODUCTS_DIR; };
		424FF8CE2AA8C9AF00BAF1E0 /* Tic_Tac_ToeUITests.swift */ = {isa = PBXFileReference; lastKnownFileType = sourcecode.swift; path = Tic_Tac_ToeUITests.swift; sourceTree = "<group>"; };
		424FF8D02AA8C9AF00BAF1E0 /* Tic_Tac_ToeUITestsLaunchTests.swift */ = {isa = PBXFileReference; lastKnownFileType = sourcecode.swift; path = Tic_Tac_ToeUITestsLaunchTests.swift; sourceTree = "<group>"; };
		424FF8DD2AA8CA0100BAF1E0 /* Tic_Tac_Toe.swift */ = {isa = PBXFileReference; lastKnownFileType = sourcecode.swift; path = Tic_Tac_Toe.swift; sourceTree = "<group>"; };
		424FF8DF2AAB6B4500BAF1E0 /* Alerts.swift */ = {isa = PBXFileReference; lastKnownFileType = sourcecode.swift; path = Alerts.swift; sourceTree = "<group>"; };
		424FF8E12AAC96A000BAF1E0 /* Tic Tac Toe View Model.swift */ = {isa = PBXFileReference; lastKnownFileType = sourcecode.swift; path = "Tic Tac Toe View Model.swift"; sourceTree = "<group>"; };
		4253F3612BA5E68100242DFC /* AIPlayerTests.swift */ = {isa = PBXFileReference; lastKnownFileType = sourcecode.swift; path = AIPlayerTests.swift; sourceTree = "<group>"; };
		4253F3632BA5F5EC00242DFC /* MoveExtensionsTests.swift */ = {isa = PBXFileReference; lastKnownFileType = sourcecode.swift; path = MoveExtensionsTests.swift; sourceTree = "<group>"; };
		42D43A3B2B942A3E00111F7F /* TicTacToeView.swift */ = {isa = PBXFileReference; lastKnownFileType = sourcecode.swift; path = TicTacToeView.swift; sourceTree = "<group>"; };
		42D43A3D2B942A9A00111F7F /* Animation.swift */ = {isa = PBXFileReference; lastKnownFileType = sourcecode.swift; path = Animation.swift; sourceTree = "<group>"; };
		42D43A3F2B947DC800111F7F /* TicTacToeModel.swift */ = {isa = PBXFileReference; lastKnownFileType = sourcecode.swift; path = TicTacToeModel.swift; sourceTree = "<group>"; };
		42D43A412B9757F300111F7F /* MoveChecker.swift */ = {isa = PBXFileReference; lastKnownFileType = sourcecode.swift; path = MoveChecker.swift; sourceTree = "<group>"; };
		42D43A432B97581000111F7F /* AIPlayer.swift */ = {isa = PBXFileReference; lastKnownFileType = sourcecode.swift; path = AIPlayer.swift; sourceTree = "<group>"; };
/* End PBXFileReference section */

/* Begin PBXFrameworksBuildPhase section */
		424FF8A72AA8C9AE00BAF1E0 /* Frameworks */ = {
			isa = PBXFrameworksBuildPhase;
			buildActionMask = 2147483647;
			files = (
			);
			runOnlyForDeploymentPostprocessing = 0;
		};
		424FF8BD2AA8C9AF00BAF1E0 /* Frameworks */ = {
			isa = PBXFrameworksBuildPhase;
			buildActionMask = 2147483647;
			files = (
			);
			runOnlyForDeploymentPostprocessing = 0;
		};
		424FF8C72AA8C9AF00BAF1E0 /* Frameworks */ = {
			isa = PBXFrameworksBuildPhase;
			buildActionMask = 2147483647;
			files = (
			);
			runOnlyForDeploymentPostprocessing = 0;
		};
/* End PBXFrameworksBuildPhase section */

/* Begin PBXGroup section */
		424FF8A12AA8C9AE00BAF1E0 = {
			isa = PBXGroup;
			children = (
				424FF8AC2AA8C9AE00BAF1E0 /* Tic Tac Toe */,
				424FF8C32AA8C9AF00BAF1E0 /* Tic Tac ToeTests */,
				424FF8CD2AA8C9AF00BAF1E0 /* Tic Tac ToeUITests */,
				424FF8AB2AA8C9AE00BAF1E0 /* Products */,
			);
			sourceTree = "<group>";
		};
		424FF8AB2AA8C9AE00BAF1E0 /* Products */ = {
			isa = PBXGroup;
			children = (
				424FF8AA2AA8C9AE00BAF1E0 /* TicTacToe.app */,
				424FF8C02AA8C9AF00BAF1E0 /* TicTacToeTests.xctest */,
				424FF8CA2AA8C9AF00BAF1E0 /* TicTacToeUITests.xctest */,
			);
			name = Products;
			sourceTree = "<group>";
		};
		424FF8AC2AA8C9AE00BAF1E0 /* Tic Tac Toe */ = {
			isa = PBXGroup;
			children = (
				424FF8AD2AA8C9AE00BAF1E0 /* Tic_Tac_ToeApp.swift */,
				423861EC2BA7321F00CB5044 /* LaunchScreen.swift */,
				424FF8AF2AA8C9AE00BAF1E0 /* Persistence.swift */,
				424FF8B42AA8C9AE00BAF1E0 /* ContentView.swift */,
				424FF8DD2AA8CA0100BAF1E0 /* Tic_Tac_Toe.swift */,
				42D43A3F2B947DC800111F7F /* TicTacToeModel.swift */,
				42D43A3D2B942A9A00111F7F /* Animation.swift */,
				42D43A3B2B942A3E00111F7F /* TicTacToeView.swift */,
				424FF8E12AAC96A000BAF1E0 /* Tic Tac Toe View Model.swift */,
				42D43A412B9757F300111F7F /* MoveChecker.swift */,
				42D43A432B97581000111F7F /* AIPlayer.swift */,
				424FF8DF2AAB6B4500BAF1E0 /* Alerts.swift */,
				423861EA2BA730D200CB5044 /* Launch Screen.storyboard */,
				424FF8B62AA8C9AF00BAF1E0 /* Assets.xcassets */,
				424FF8B82AA8C9AF00BAF1E0 /* Tic_Tac_Toe.entitlements */,
				424FF8B12AA8C9AE00BAF1E0 /* Tic_Tac_Toe.xcdatamodeld */,
				424FF8B92AA8C9AF00BAF1E0 /* Preview Content */,
			);
			path = "Tic Tac Toe";
			sourceTree = "<group>";
		};
		424FF8B92AA8C9AF00BAF1E0 /* Preview Content */ = {
			isa = PBXGroup;
			children = (
				424FF8BA2AA8C9AF00BAF1E0 /* Preview Assets.xcassets */,
			);
			path = "Preview Content";
			sourceTree = "<group>";
		};
		424FF8C32AA8C9AF00BAF1E0 /* Tic Tac ToeTests */ = {
			isa = PBXGroup;
			children = (
				424FF8C42AA8C9AF00BAF1E0 /* Tic_Tac_ToeTests.swift */,
				4253F3612BA5E68100242DFC /* AIPlayerTests.swift */,
				4253F3632BA5F5EC00242DFC /* MoveExtensionsTests.swift */,
			);
			path = "Tic Tac ToeTests";
			sourceTree = "<group>";
		};
		424FF8CD2AA8C9AF00BAF1E0 /* Tic Tac ToeUITests */ = {
			isa = PBXGroup;
			children = (
				424FF8CE2AA8C9AF00BAF1E0 /* Tic_Tac_ToeUITests.swift */,
				424FF8D02AA8C9AF00BAF1E0 /* Tic_Tac_ToeUITestsLaunchTests.swift */,
			);
			path = "Tic Tac ToeUITests";
			sourceTree = "<group>";
		};
/* End PBXGroup section */

/* Begin PBXNativeTarget section */
		424FF8A92AA8C9AE00BAF1E0 /* TicTacToe */ = {
			isa = PBXNativeTarget;
			buildConfigurationList = 424FF8D42AA8C9AF00BAF1E0 /* Build configuration list for PBXNativeTarget "TicTacToe" */;
			buildPhases = (
				424FF8A62AA8C9AE00BAF1E0 /* Sources */,
				424FF8A72AA8C9AE00BAF1E0 /* Frameworks */,
				424FF8A82AA8C9AE00BAF1E0 /* Resources */,
			);
			buildRules = (
			);
			dependencies = (
			);
			name = TicTacToe;
			productName = "Tic Tac Toe";
			productReference = 424FF8AA2AA8C9AE00BAF1E0 /* TicTacToe.app */;
			productType = "com.apple.product-type.application";
		};
		424FF8BF2AA8C9AF00BAF1E0 /* TicTacToeTests */ = {
			isa = PBXNativeTarget;
			buildConfigurationList = 424FF8D72AA8C9AF00BAF1E0 /* Build configuration list for PBXNativeTarget "TicTacToeTests" */;
			buildPhases = (
				424FF8BC2AA8C9AF00BAF1E0 /* Sources */,
				424FF8BD2AA8C9AF00BAF1E0 /* Frameworks */,
				424FF8BE2AA8C9AF00BAF1E0 /* Resources */,
			);
			buildRules = (
			);
			dependencies = (
				424FF8C22AA8C9AF00BAF1E0 /* PBXTargetDependency */,
			);
			name = TicTacToeTests;
			productName = "Tic Tac ToeTests";
			productReference = 424FF8C02AA8C9AF00BAF1E0 /* TicTacToeTests.xctest */;
			productType = "com.apple.product-type.bundle.unit-test";
		};
		424FF8C92AA8C9AF00BAF1E0 /* TicTacToeUITests */ = {
			isa = PBXNativeTarget;
			buildConfigurationList = 424FF8DA2AA8C9AF00BAF1E0 /* Build configuration list for PBXNativeTarget "TicTacToeUITests" */;
			buildPhases = (
				424FF8C62AA8C9AF00BAF1E0 /* Sources */,
				424FF8C72AA8C9AF00BAF1E0 /* Frameworks */,
				424FF8C82AA8C9AF00BAF1E0 /* Resources */,
			);
			buildRules = (
			);
			dependencies = (
				424FF8CC2AA8C9AF00BAF1E0 /* PBXTargetDependency */,
			);
			name = TicTacToeUITests;
			productName = "Tic Tac ToeUITests";
			productReference = 424FF8CA2AA8C9AF00BAF1E0 /* TicTacToeUITests.xctest */;
			productType = "com.apple.product-type.bundle.ui-testing";
		};
/* End PBXNativeTarget section */

/* Begin PBXProject section */
		424FF8A22AA8C9AE00BAF1E0 /* Project object */ = {
			isa = PBXProject;
			attributes = {
				BuildIndependentTargetsInParallel = 1;
				LastSwiftUpdateCheck = 1430;
				LastUpgradeCheck = 1430;
				TargetAttributes = {
					424FF8A92AA8C9AE00BAF1E0 = {
						CreatedOnToolsVersion = 14.3.1;
					};
					424FF8BF2AA8C9AF00BAF1E0 = {
						CreatedOnToolsVersion = 14.3.1;
						TestTargetID = 424FF8A92AA8C9AE00BAF1E0;
					};
					424FF8C92AA8C9AF00BAF1E0 = {
						CreatedOnToolsVersion = 14.3.1;
						TestTargetID = 424FF8A92AA8C9AE00BAF1E0;
					};
				};
			};
			buildConfigurationList = 424FF8A52AA8C9AE00BAF1E0 /* Build configuration list for PBXProject "TicTacToe" */;
			compatibilityVersion = "Xcode 14.0";
			developmentRegion = en;
			hasScannedForEncodings = 0;
			knownRegions = (
				en,
				Base,
			);
			mainGroup = 424FF8A12AA8C9AE00BAF1E0;
			productRefGroup = 424FF8AB2AA8C9AE00BAF1E0 /* Products */;
			projectDirPath = "";
			projectRoot = "";
			targets = (
				424FF8A92AA8C9AE00BAF1E0 /* TicTacToe */,
				424FF8BF2AA8C9AF00BAF1E0 /* TicTacToeTests */,
				424FF8C92AA8C9AF00BAF1E0 /* TicTacToeUITests */,
			);
		};
/* End PBXProject section */

/* Begin PBXResourcesBuildPhase section */
		424FF8A82AA8C9AE00BAF1E0 /* Resources */ = {
			isa = PBXResourcesBuildPhase;
			buildActionMask = 2147483647;
			files = (
				423861EB2BA730D200CB5044 /* Launch Screen.storyboard in Resources */,
				424FF8BB2AA8C9AF00BAF1E0 /* Preview Assets.xcassets in Resources */,
				424FF8B72AA8C9AF00BAF1E0 /* Assets.xcassets in Resources */,
			);
			runOnlyForDeploymentPostprocessing = 0;
		};
		424FF8BE2AA8C9AF00BAF1E0 /* Resources */ = {
			isa = PBXResourcesBuildPhase;
			buildActionMask = 2147483647;
			files = (
			);
			runOnlyForDeploymentPostprocessing = 0;
		};
		424FF8C82AA8C9AF00BAF1E0 /* Resources */ = {
			isa = PBXResourcesBuildPhase;
			buildActionMask = 2147483647;
			files = (
			);
			runOnlyForDeploymentPostprocessing = 0;
		};
/* End PBXResourcesBuildPhase section */

/* Begin PBXSourcesBuildPhase section */
		424FF8A62AA8C9AE00BAF1E0 /* Sources */ = {
			isa = PBXSourcesBuildPhase;
			buildActionMask = 2147483647;
			files = (
				423861ED2BA7321F00CB5044 /* LaunchScreen.swift in Sources */,
				424FF8B32AA8C9AE00BAF1E0 /* Tic_Tac_Toe.xcdatamodeld in Sources */,
				42D43A3C2B942A3E00111F7F /* TicTacToeView.swift in Sources */,
				424FF8AE2AA8C9AE00BAF1E0 /* Tic_Tac_ToeApp.swift in Sources */,
				424FF8DE2AA8CA0100BAF1E0 /* Tic_Tac_Toe.swift in Sources */,
				42D43A442B97581000111F7F /* AIPlayer.swift in Sources */,
				424FF8B52AA8C9AE00BAF1E0 /* ContentView.swift in Sources */,
				424FF8E02AAB6B4500BAF1E0 /* Alerts.swift in Sources */,
				424FF8E22AAC96A000BAF1E0 /* Tic Tac Toe View Model.swift in Sources */,
				42D43A3E2B942A9A00111F7F /* Animation.swift in Sources */,
				42D43A422B9757F300111F7F /* MoveChecker.swift in Sources */,
				42D43A402B947DC800111F7F /* TicTacToeModel.swift in Sources */,
				424FF8B02AA8C9AE00BAF1E0 /* Persistence.swift in Sources */,
			);
			runOnlyForDeploymentPostprocessing = 0;
		};
		424FF8BC2AA8C9AF00BAF1E0 /* Sources */ = {
			isa = PBXSourcesBuildPhase;
			buildActionMask = 2147483647;
			files = (
				4253F3622BA5E68100242DFC /* AIPlayerTests.swift in Sources */,
				424FF8C52AA8C9AF00BAF1E0 /* Tic_Tac_ToeTests.swift in Sources */,
				4253F3642BA5F5EC00242DFC /* MoveExtensionsTests.swift in Sources */,
			);
			runOnlyForDeploymentPostprocessing = 0;
		};
		424FF8C62AA8C9AF00BAF1E0 /* Sources */ = {
			isa = PBXSourcesBuildPhase;
			buildActionMask = 2147483647;
			files = (
				424FF8CF2AA8C9AF00BAF1E0 /* Tic_Tac_ToeUITests.swift in Sources */,
				424FF8D12AA8C9AF00BAF1E0 /* Tic_Tac_ToeUITestsLaunchTests.swift in Sources */,
			);
			runOnlyForDeploymentPostprocessing = 0;
		};
/* End PBXSourcesBuildPhase section */

/* Begin PBXTargetDependency section */
		424FF8C22AA8C9AF00BAF1E0 /* PBXTargetDependency */ = {
			isa = PBXTargetDependency;
			target = 424FF8A92AA8C9AE00BAF1E0 /* TicTacToe */;
			targetProxy = 424FF8C12AA8C9AF00BAF1E0 /* PBXContainerItemProxy */;
		};
		424FF8CC2AA8C9AF00BAF1E0 /* PBXTargetDependency */ = {
			isa = PBXTargetDependency;
			target = 424FF8A92AA8C9AE00BAF1E0 /* TicTacToe */;
			targetProxy = 424FF8CB2AA8C9AF00BAF1E0 /* PBXContainerItemProxy */;
		};
/* End PBXTargetDependency section */

/* Begin XCBuildConfiguration section */
		424FF8D22AA8C9AF00BAF1E0 /* Debug */ = {
			isa = XCBuildConfiguration;
			buildSettings = {
				ALWAYS_SEARCH_USER_PATHS = NO;
				CLANG_ANALYZER_NONNULL = YES;
				CLANG_ANALYZER_NUMBER_OBJECT_CONVERSION = YES_AGGRESSIVE;
				CLANG_CXX_LANGUAGE_STANDARD = "gnu++20";
				CLANG_ENABLE_MODULES = YES;
				CLANG_ENABLE_OBJC_ARC = YES;
				CLANG_ENABLE_OBJC_WEAK = YES;
				CLANG_WARN_BLOCK_CAPTURE_AUTORELEASING = YES;
				CLANG_WARN_BOOL_CONVERSION = YES;
				CLANG_WARN_COMMA = YES;
				CLANG_WARN_CONSTANT_CONVERSION = YES;
				CLANG_WARN_DEPRECATED_OBJC_IMPLEMENTATIONS = YES;
				CLANG_WARN_DIRECT_OBJC_ISA_USAGE = YES_ERROR;
				CLANG_WARN_DOCUMENTATION_COMMENTS = YES;
				CLANG_WARN_EMPTY_BODY = YES;
				CLANG_WARN_ENUM_CONVERSION = YES;
				CLANG_WARN_INFINITE_RECURSION = YES;
				CLANG_WARN_INT_CONVERSION = YES;
				CLANG_WARN_NON_LITERAL_NULL_CONVERSION = YES;
				CLANG_WARN_OBJC_IMPLICIT_RETAIN_SELF = YES;
				CLANG_WARN_OBJC_LITERAL_CONVERSION = YES;
				CLANG_WARN_OBJC_ROOT_CLASS = YES_ERROR;
				CLANG_WARN_QUOTED_INCLUDE_IN_FRAMEWORK_HEADER = YES;
				CLANG_WARN_RANGE_LOOP_ANALYSIS = YES;
				CLANG_WARN_STRICT_PROTOTYPES = YES;
				CLANG_WARN_SUSPICIOUS_MOVE = YES;
				CLANG_WARN_UNGUARDED_AVAILABILITY = YES_AGGRESSIVE;
				CLANG_WARN_UNREACHABLE_CODE = YES;
				CLANG_WARN__DUPLICATE_METHOD_MATCH = YES;
				COPY_PHASE_STRIP = NO;
				DEBUG_INFORMATION_FORMAT = dwarf;
				ENABLE_STRICT_OBJC_MSGSEND = YES;
				ENABLE_TESTABILITY = YES;
				GCC_C_LANGUAGE_STANDARD = gnu11;
				GCC_DYNAMIC_NO_PIC = NO;
				GCC_NO_COMMON_BLOCKS = YES;
				GCC_OPTIMIZATION_LEVEL = 0;
				GCC_PREPROCESSOR_DEFINITIONS = (
					"DEBUG=1",
					"$(inherited)",
				);
				GCC_WARN_64_TO_32_BIT_CONVERSION = YES;
				GCC_WARN_ABOUT_RETURN_TYPE = YES_ERROR;
				GCC_WARN_UNDECLARED_SELECTOR = YES;
				GCC_WARN_UNINITIALIZED_AUTOS = YES_AGGRESSIVE;
				GCC_WARN_UNUSED_FUNCTION = YES;
				GCC_WARN_UNUSED_VARIABLE = YES;
				MTL_ENABLE_DEBUG_INFO = INCLUDE_SOURCE;
				MTL_FAST_MATH = YES;
				ONLY_ACTIVE_ARCH = YES;
				SWIFT_ACTIVE_COMPILATION_CONDITIONS = DEBUG;
				SWIFT_OPTIMIZATION_LEVEL = "-Onone";
			};
			name = Debug;
		};
		424FF8D32AA8C9AF00BAF1E0 /* Release */ = {
			isa = XCBuildConfiguration;
			buildSettings = {
				ALWAYS_SEARCH_USER_PATHS = NO;
				CLANG_ANALYZER_NONNULL = YES;
				CLANG_ANALYZER_NUMBER_OBJECT_CONVERSION = YES_AGGRESSIVE;
				CLANG_CXX_LANGUAGE_STANDARD = "gnu++20";
				CLANG_ENABLE_MODULES = YES;
				CLANG_ENABLE_OBJC_ARC = YES;
				CLANG_ENABLE_OBJC_WEAK = YES;
				CLANG_WARN_BLOCK_CAPTURE_AUTORELEASING = YES;
				CLANG_WARN_BOOL_CONVERSION = YES;
				CLANG_WARN_COMMA = YES;
				CLANG_WARN_CONSTANT_CONVERSION = YES;
				CLANG_WARN_DEPRECATED_OBJC_IMPLEMENTATIONS = YES;
				CLANG_WARN_DIRECT_OBJC_ISA_USAGE = YES_ERROR;
				CLANG_WARN_DOCUMENTATION_COMMENTS = YES;
				CLANG_WARN_EMPTY_BODY = YES;
				CLANG_WARN_ENUM_CONVERSION = YES;
				CLANG_WARN_INFINITE_RECURSION = YES;
				CLANG_WARN_INT_CONVERSION = YES;
				CLANG_WARN_NON_LITERAL_NULL_CONVERSION = YES;
				CLANG_WARN_OBJC_IMPLICIT_RETAIN_SELF = YES;
				CLANG_WARN_OBJC_LITERAL_CONVERSION = YES;
				CLANG_WARN_OBJC_ROOT_CLASS = YES_ERROR;
				CLANG_WARN_QUOTED_INCLUDE_IN_FRAMEWORK_HEADER = YES;
				CLANG_WARN_RANGE_LOOP_ANALYSIS = YES;
				CLANG_WARN_STRICT_PROTOTYPES = YES;
				CLANG_WARN_SUSPICIOUS_MOVE = YES;
				CLANG_WARN_UNGUARDED_AVAILABILITY = YES_AGGRESSIVE;
				CLANG_WARN_UNREACHABLE_CODE = YES;
				CLANG_WARN__DUPLICATE_METHOD_MATCH = YES;
				COPY_PHASE_STRIP = NO;
				DEBUG_INFORMATION_FORMAT = "dwarf-with-dsym";
				ENABLE_NS_ASSERTIONS = NO;
				ENABLE_STRICT_OBJC_MSGSEND = YES;
				GCC_C_LANGUAGE_STANDARD = gnu11;
				GCC_NO_COMMON_BLOCKS = YES;
				GCC_WARN_64_TO_32_BIT_CONVERSION = YES;
				GCC_WARN_ABOUT_RETURN_TYPE = YES_ERROR;
				GCC_WARN_UNDECLARED_SELECTOR = YES;
				GCC_WARN_UNINITIALIZED_AUTOS = YES_AGGRESSIVE;
				GCC_WARN_UNUSED_FUNCTION = YES;
				GCC_WARN_UNUSED_VARIABLE = YES;
				MTL_ENABLE_DEBUG_INFO = NO;
				MTL_FAST_MATH = YES;
				SWIFT_COMPILATION_MODE = wholemodule;
				SWIFT_OPTIMIZATION_LEVEL = "-O";
			};
			name = Release;
		};
		424FF8D52AA8C9AF00BAF1E0 /* Debug */ = {
			isa = XCBuildConfiguration;
			buildSettings = {
				ASSETCATALOG_COMPILER_APPICON_NAME = AppIcon;
				ASSETCATALOG_COMPILER_GLOBAL_ACCENT_COLOR_NAME = AccentColor;
				CODE_SIGN_ENTITLEMENTS = "Tic Tac Toe/Tic_Tac_Toe.entitlements";
				CODE_SIGN_STYLE = Automatic;
				CURRENT_PROJECT_VERSION = 1;
				DEVELOPMENT_ASSET_PATHS = "\"Tic Tac Toe/Preview Content\"";
				DEVELOPMENT_TEAM = C47PSR6843;
				ENABLE_HARDENED_RUNTIME = YES;
				ENABLE_PREVIEWS = YES;
				GENERATE_INFOPLIST_FILE = YES;
				"INFOPLIST_KEY_UIApplicationSceneManifest_Generation[sdk=iphoneos*]" = YES;
				"INFOPLIST_KEY_UIApplicationSceneManifest_Generation[sdk=iphonesimulator*]" = YES;
				"INFOPLIST_KEY_UIApplicationSupportsIndirectInputEvents[sdk=iphoneos*]" = YES;
				"INFOPLIST_KEY_UIApplicationSupportsIndirectInputEvents[sdk=iphonesimulator*]" = YES;
				"INFOPLIST_KEY_UILaunchScreen_Generation[sdk=iphoneos*]" = YES;
				"INFOPLIST_KEY_UILaunchScreen_Generation[sdk=iphonesimulator*]" = YES;
				INFOPLIST_KEY_UILaunchStoryboardName = "Launch Screen.storyboard";
				"INFOPLIST_KEY_UIStatusBarStyle[sdk=iphoneos*]" = UIStatusBarStyleDefault;
				"INFOPLIST_KEY_UIStatusBarStyle[sdk=iphonesimulator*]" = UIStatusBarStyleDefault;
				INFOPLIST_KEY_UISupportedInterfaceOrientations = UIInterfaceOrientationPortrait;
				INFOPLIST_KEY_UISupportedInterfaceOrientations_iPad = "UIInterfaceOrientationLandscapeLeft UIInterfaceOrientationLandscapeRight UIInterfaceOrientationPortrait UIInterfaceOrientationPortraitUpsideDown";
				IPHONEOS_DEPLOYMENT_TARGET = 16.4;
				LD_RUNPATH_SEARCH_PATHS = "@executable_path/Frameworks";
				"LD_RUNPATH_SEARCH_PATHS[sdk=macosx*]" = "@executable_path/../Frameworks";
				MACOSX_DEPLOYMENT_TARGET = 13.1;
				MARKETING_VERSION = 1.0;
				PRODUCT_BUNDLE_IDENTIFIER = "com.-.Tic-Tac-Toe";
				PRODUCT_NAME = "$(TARGET_NAME)";
				SDKROOT = auto;
				SUPPORTED_PLATFORMS = "iphoneos iphonesimulator macosx";
				SWIFT_EMIT_LOC_STRINGS = YES;
				SWIFT_VERSION = 5.0;
				TARGETED_DEVICE_FAMILY = "1,2";
			};
			name = Debug;
		};
		424FF8D62AA8C9AF00BAF1E0 /* Release */ = {
			isa = XCBuildConfiguration;
			buildSettings = {
				ASSETCATALOG_COMPILER_APPICON_NAME = AppIcon;
				ASSETCATALOG_COMPILER_GLOBAL_ACCENT_COLOR_NAME = AccentColor;
				CODE_SIGN_ENTITLEMENTS = "Tic Tac Toe/Tic_Tac_Toe.entitlements";
				CODE_SIGN_STYLE = Automatic;
				CURRENT_PROJECT_VERSION = 1;
				DEVELOPMENT_ASSET_PATHS = "\"Tic Tac Toe/Preview Content\"";
				DEVELOPMENT_TEAM = C47PSR6843;
				ENABLE_HARDENED_RUNTIME = YES;
				ENABLE_PREVIEWS = YES;
				GENERATE_INFOPLIST_FILE = YES;
				"INFOPLIST_KEY_UIApplicationSceneManifest_Generation[sdk=iphoneos*]" = YES;
				"INFOPLIST_KEY_UIApplicationSceneManifest_Generation[sdk=iphonesimulator*]" = YES;
				"INFOPLIST_KEY_UIApplicationSupportsIndirectInputEvents[sdk=iphoneos*]" = YES;
				"INFOPLIST_KEY_UIApplicationSupportsIndirectInputEvents[sdk=iphonesimulator*]" = YES;
				"INFOPLIST_KEY_UILaunchScreen_Generation[sdk=iphoneos*]" = YES;
				"INFOPLIST_KEY_UILaunchScreen_Generation[sdk=iphonesimulator*]" = YES;
				INFOPLIST_KEY_UILaunchStoryboardName = "Launch Screen.storyboard";
				"INFOPLIST_KEY_UIStatusBarStyle[sdk=iphoneos*]" = UIStatusBarStyleDefault;
				"INFOPLIST_KEY_UIStatusBarStyle[sdk=iphonesimulator*]" = UIStatusBarStyleDefault;
				INFOPLIST_KEY_UISupportedInterfaceOrientations = UIInterfaceOrientationPortrait;
				INFOPLIST_KEY_UISupportedInterfaceOrientations_iPad = "UIInterfaceOrientationLandscapeLeft UIInterfaceOrientationLandscapeRight UIInterfaceOrientationPortrait UIInterfaceOrientationPortraitUpsideDown";
				IPHONEOS_DEPLOYMENT_TARGET = 16.4;
				LD_RUNPATH_SEARCH_PATHS = "@executable_path/Frameworks";
				"LD_RUNPATH_SEARCH_PATHS[sdk=macosx*]" = "@executable_path/../Frameworks";
				MACOSX_DEPLOYMENT_TARGET = 13.1;
				MARKETING_VERSION = 1.0;
				PRODUCT_BUNDLE_IDENTIFIER = "com.-.Tic-Tac-Toe";
				PRODUCT_NAME = "$(TARGET_NAME)";
				SDKROOT = auto;
				SUPPORTED_PLATFORMS = "iphoneos iphonesimulator macosx";
				SWIFT_EMIT_LOC_STRINGS = YES;
				SWIFT_VERSION = 5.0;
				TARGETED_DEVICE_FAMILY = "1,2";
			};
			name = Release;
		};
		424FF8D82AA8C9AF00BAF1E0 /* Debug */ = {
			isa = XCBuildConfiguration;
			buildSettings = {
				ALWAYS_EMBED_SWIFT_STANDARD_LIBRARIES = YES;
				BUNDLE_LOADER = "$(TEST_HOST)";
				CODE_SIGN_STYLE = Automatic;
				CURRENT_PROJECT_VERSION = 1;
				DEVELOPMENT_TEAM = C47PSR6843;
				GENERATE_INFOPLIST_FILE = YES;
				IPHONEOS_DEPLOYMENT_TARGET = 16.4;
				MACOSX_DEPLOYMENT_TARGET = 13.1;
				MARKETING_VERSION = 1.0;
				PRODUCT_BUNDLE_IDENTIFIER = "com.-.Tic-Tac-ToeTests";
				PRODUCT_NAME = "$(TARGET_NAME)";
				SDKROOT = auto;
				SUPPORTED_PLATFORMS = "iphoneos iphonesimulator macosx";
				SWIFT_EMIT_LOC_STRINGS = NO;
				SWIFT_VERSION = 5.0;
				TARGETED_DEVICE_FAMILY = "1,2";
				TEST_HOST = "$(BUILT_PRODUCTS_DIR)/TicTacToe.app/$(BUNDLE_EXECUTABLE_FOLDER_PATH)/TicTacToe";
			};
			name = Debug;
		};
		424FF8D92AA8C9AF00BAF1E0 /* Release */ = {
			isa = XCBuildConfiguration;
			buildSettings = {
				ALWAYS_EMBED_SWIFT_STANDARD_LIBRARIES = YES;
				BUNDLE_LOADER = "$(TEST_HOST)";
				CODE_SIGN_STYLE = Automatic;
				CURRENT_PROJECT_VERSION = 1;
				DEVELOPMENT_TEAM = C47PSR6843;
				GENERATE_INFOPLIST_FILE = YES;
				IPHONEOS_DEPLOYMENT_TARGET = 16.4;
				MACOSX_DEPLOYMENT_TARGET = 13.1;
				MARKETING_VERSION = 1.0;
				PRODUCT_BUNDLE_IDENTIFIER = "com.-.Tic-Tac-ToeTests";
				PRODUCT_NAME = "$(TARGET_NAME)";
				SDKROOT = auto;
				SUPPORTED_PLATFORMS = "iphoneos iphonesimulator macosx";
				SWIFT_EMIT_LOC_STRINGS = NO;
				SWIFT_VERSION = 5.0;
				TARGETED_DEVICE_FAMILY = "1,2";
				TEST_HOST = "$(BUILT_PRODUCTS_DIR)/TicTacToe.app/$(BUNDLE_EXECUTABLE_FOLDER_PATH)/TicTacToe";
			};
			name = Release;
		};
		424FF8DB2AA8C9AF00BAF1E0 /* Debug */ = {
			isa = XCBuildConfiguration;
			buildSettings = {
				ALWAYS_EMBED_SWIFT_STANDARD_LIBRARIES = YES;
				CODE_SIGN_STYLE = Automatic;
				CURRENT_PROJECT_VERSION = 1;
				DEVELOPMENT_TEAM = C47PSR6843;
				GENERATE_INFOPLIST_FILE = YES;
				IPHONEOS_DEPLOYMENT_TARGET = 16.4;
				MACOSX_DEPLOYMENT_TARGET = 13.1;
				MARKETING_VERSION = 1.0;
				PRODUCT_BUNDLE_IDENTIFIER = "com.-.Tic-Tac-ToeUITests";
				PRODUCT_NAME = "$(TARGET_NAME)";
				SDKROOT = auto;
				SUPPORTED_PLATFORMS = "iphoneos iphonesimulator macosx";
				SWIFT_EMIT_LOC_STRINGS = NO;
				SWIFT_VERSION = 5.0;
				TARGETED_DEVICE_FAMILY = "1,2";
				TEST_TARGET_NAME = "Tic Tac Toe";
			};
			name = Debug;
		};
		424FF8DC2AA8C9AF00BAF1E0 /* Release */ = {
			isa = XCBuildConfiguration;
			buildSettings = {
				ALWAYS_EMBED_SWIFT_STANDARD_LIBRARIES = YES;
				CODE_SIGN_STYLE = Automatic;
				CURRENT_PROJECT_VERSION = 1;
				DEVELOPMENT_TEAM = C47PSR6843;
				GENERATE_INFOPLIST_FILE = YES;
				IPHONEOS_DEPLOYMENT_TARGET = 16.4;
				MACOSX_DEPLOYMENT_TARGET = 13.1;
				MARKETING_VERSION = 1.0;
				PRODUCT_BUNDLE_IDENTIFIER = "com.-.Tic-Tac-ToeUITests";
				PRODUCT_NAME = "$(TARGET_NAME)";
				SDKROOT = auto;
				SUPPORTED_PLATFORMS = "iphoneos iphonesimulator macosx";
				SWIFT_EMIT_LOC_STRINGS = NO;
				SWIFT_VERSION = 5.0;
				TARGETED_DEVICE_FAMILY = "1,2";
				TEST_TARGET_NAME = "Tic Tac Toe";
			};
			name = Release;
		};
/* End XCBuildConfiguration section */

/* Begin XCConfigurationList section */
		424FF8A52AA8C9AE00BAF1E0 /* Build configuration list for PBXProject "TicTacToe" */ = {
			isa = XCConfigurationList;
			buildConfigurations = (
				424FF8D22AA8C9AF00BAF1E0 /* Debug */,
				424FF8D32AA8C9AF00BAF1E0 /* Release */,
			);
			defaultConfigurationIsVisible = 0;
			defaultConfigurationName = Release;
		};
		424FF8D42AA8C9AF00BAF1E0 /* Build configuration list for PBXNativeTarget "TicTacToe" */ = {
			isa = XCConfigurationList;
			buildConfigurations = (
				424FF8D52AA8C9AF00BAF1E0 /* Debug */,
				424FF8D62AA8C9AF00BAF1E0 /* Release */,
			);
			defaultConfigurationIsVisible = 0;
			defaultConfigurationName = Release;
		};
		424FF8D72AA8C9AF00BAF1E0 /* Build configuration list for PBXNativeTarget "TicTacToeTests" */ = {
			isa = XCConfigurationList;
			buildConfigurations = (
				424FF8D82AA8C9AF00BAF1E0 /* Debug */,
				424FF8D92AA8C9AF00BAF1E0 /* Release */,
			);
			defaultConfigurationIsVisible = 0;
			defaultConfigurationName = Release;
		};
		424FF8DA2AA8C9AF00BAF1E0 /* Build configuration list for PBXNativeTarget "TicTacToeUITests" */ = {
			isa = XCConfigurationList;
			buildConfigurations = (
				424FF8DB2AA8C9AF00BAF1E0 /* Debug */,
				424FF8DC2AA8C9AF00BAF1E0 /* Release */,
			);
			defaultConfigurationIsVisible = 0;
			defaultConfigurationName = Release;
		};
/* End XCConfigurationList section */

/* Begin XCVersionGroup section */
		424FF8B12AA8C9AE00BAF1E0 /* Tic_Tac_Toe.xcdatamodeld */ = {
			isa = XCVersionGroup;
			children = (
				424FF8B22AA8C9AE00BAF1E0 /* Tic_Tac_Toe.xcdatamodel */,
			);
			currentVersion = 424FF8B22AA8C9AE00BAF1E0 /* Tic_Tac_Toe.xcdatamodel */;
			path = Tic_Tac_Toe.xcdatamodeld;
			sourceTree = "<group>";
			versionGroupType = wrapper.xcdatamodel;
		};
/* End XCVersionGroup section */
	};
	rootObject = 424FF8A22AA8C9AE00BAF1E0 /* Project object */;
}
